
Microsoft Visual Studio Solution File, Format Version 12.00
# Visual Studio 15
VisualStudioVersion = 15.0.28307.539
MinimumVisualStudioVersion = 10.0.40219.1
Project("{8BC9CEB8-8B4A-11D0-8D11-00A0C91BC942}") = "RS232", "RS232\RS232.vcxproj", "{1739D7C1-159C-438A-BB09-257F8074928B}"
EndProject
Global
	GlobalSection(SolutionConfigurationPlatforms) = preSolution
		Debug|x64 = Debug|x64
		Debug|x86 = Debug|x86
		Release|x64 = Release|x64
		Release|x86 = Release|x86
	EndGlobalSection
	GlobalSection(ProjectConfigurationPlatforms) = postSolution
		{1739D7C1-159C-438A-BB09-257F8074928B}.Debug|x64.ActiveCfg = Debug|x64
		{1739D7C1-159C-438A-BB09-257F8074928B}.Debug|x64.Build.0 = Debug|x64
		{1739D7C1-159C-438A-BB09-257F8074928B}.Debug|x86.ActiveCfg = Debug|Win32
		{1739D7C1-159C-438A-BB09-257F8074928B}.Debug|x86.Build.0 = Debug|Win32
		{1739D7C1-159C-438A-BB09-257F8074928B}.Release|x64.ActiveCfg = Release|x64
		{1739D7C1-159C-438A-BB09-257F8074928B}.Release|x64.Build.0 = Release|x64
		{1739D7C1-159C-438A-BB09-257F8074928B}.Release|x86.ActiveCfg = Release|Win32
		{1739D7C1-159C-438A-BB09-257F8074928B}.Release|x86.Build.0 = Release|Win32
	EndGlobalSection
	GlobalSection(SolutionProperties) = preSolution
		HideSolutionNode = FALSE
	EndGlobalSection
	GlobalSection(ExtensibilityGlobals) = postSolution
		SolutionGuid = {0467F687-5A07-48DB-9BE9-72A3C0EEF222}
	EndGlobalSection
EndGlobal
